
Microsoft Visual Studio Solution File, Format Version 12.00
# Visual Studio Version 16
VisualStudioVersion = 16.0.29613.14
MinimumVisualStudioVersion = 10.0.40219.1
Project("{FAE04EC0-301F-11D3-BF4B-00C04F79EFBC}") = "SecurityExplorer", "SecurityExplorer.csproj", "{C9969FA4-C4E8-4ACE-830C-ED20C72D9F77}"
EndProject
Global
	GlobalSection(SolutionConfigurationPlatforms) = preSolution
		Debug|Any CPU = Debug|Any CPU
		Release|Any CPU = Release|Any CPU
	EndGlobalSection
	GlobalSection(ProjectConfigurationPlatforms) = postSolution
		{C9969FA4-C4E8-4ACE-830C-ED20C72D9F77}.Debug|Any CPU.ActiveCfg = Debug|Any CPU
		{C9969FA4-C4E8-4ACE-830C-ED20C72D9F77}.Debug|Any CPU.Build.0 = Debug|Any CPU
		{C9969FA4-C4E8-4ACE-830C-ED20C72D9F77}.Release|Any CPU.ActiveCfg = Release|Any CPU
		{C9969FA4-C4E8-4ACE-830C-ED20C72D9F77}.Release|Any CPU.Build.0 = Release|Any CPU
	EndGlobalSection
	GlobalSection(SolutionProperties) = preSolution
		HideSolutionNode = FALSE
	EndGlobalSection
	GlobalSection(ExtensibilityGlobals) = postSolution
		SolutionGuid = {0A972344-4D77-43CA-B397-9653DD19B6C8}
	EndGlobalSection
EndGlobal
